
Microsoft Visual Studio Solution File, Format Version 12.00
# Visual Studio Version 17
VisualStudioVersion = 17.8.34330.188
MinimumVisualStudioVersion = 10.0.40219.1
Project("{FAE04EC0-301F-11D3-BF4B-00C04F79EFBC}") = "Test2", "Test2\Test2.csproj", "{4163921A-FABC-435E-89C8-D840C0E7D7FA}"
EndProject
Global
	GlobalSection(SolutionConfigurationPlatforms) = preSolution
		Debug|Any CPU = Debug|Any CPU
		Release|Any CPU = Release|Any CPU
	EndGlobalSection
	GlobalSection(ProjectConfigurationPlatforms) = postSolution
		{4163921A-FABC-435E-89C8-D840C0E7D7FA}.Debug|Any CPU.ActiveCfg = Debug|Any CPU
		{4163921A-FABC-435E-89C8-D840C0E7D7FA}.Debug|Any CPU.Build.0 = Debug|Any CPU
		{4163921A-FABC-435E-89C8-D840C0E7D7FA}.Release|Any CPU.ActiveCfg = Release|Any CPU
		{4163921A-FABC-435E-89C8-D840C0E7D7FA}.Release|Any CPU.Build.0 = Release|Any CPU
	EndGlobalSection
	GlobalSection(SolutionProperties) = preSolution
		HideSolutionNode = FALSE
	EndGlobalSection
	GlobalSection(ExtensibilityGlobals) = postSolution
		SolutionGuid = {B9756E5C-6598-4BC4-85E3-CCC4B5EE1528}
	EndGlobalSection
EndGlobal
